<Solution>
  <Configurations>
    <Platform Name="Any CPU" />
    <Platform Name="x64" />
    <Platform Name="x86" />
  </Configurations>
  <Folder Name="/src/">
    <Project Path="src/AspireDeezNuts.ApiService/AspireDeezNuts.ApiService.csproj" />
    <Project Path="src/AspireDeezNuts.AppHost/AspireDeezNuts.AppHost.csproj" />
    <Project Path="src/AspireDeezNuts.ServiceDefaults/AspireDeezNuts.ServiceDefaults.csproj" />
    <Project Path="src/AspireDeezNuts.Shared/AspireDeezNuts.Shared.csproj" />
    <Project Path="src/AspireDeezNuts.Web/AspireDeezNuts.Web.csproj" />
  </Folder>
  <Folder Name="/tests/">
    <Project Path="tests/AspireDeezNuts.ApiService.Tests/AspireDeezNuts.ApiService.Tests.csproj" />
  </Folder>
</Solution>
